
Microsoft Visual Studio Solution File, Format Version 12.00
# Visual Studio Version 17
VisualStudioVersion = 17.14.36811.4 d17.14
MinimumVisualStudioVersion = 10.0.40219.1
Project("{FAE04EC0-301F-11D3-BF4B-00C04F79EFBC}") = "SRP.InvoiceProcessor", "SRP.InvoiceProcessor\SRP.InvoiceProcessor.csproj", "{07C404FA-7EBA-4370-9855-A0BD493D46C6}"
EndProject
Project("{FAE04EC0-301F-11D3-BF4B-00C04F79EFBC}") = "OCP.PaymentGateway", "OCP.PaymentGateway\OCP.PaymentGateway.csproj", "{7CBEAD8A-43E2-4F54-AF9B-1C51220FEF9A}"
EndProject
Project("{FAE04EC0-301F-11D3-BF4B-00C04F79EFBC}") = "LSP.FileStorage", "LSP.FileStorage\LSP.FileStorage.csproj", "{33D05D97-8ECF-40F8-9B57-DA407E183D5A}"
EndProject
Project("{FAE04EC0-301F-11D3-BF4B-00C04F79EFBC}") = "ISP.OfficeDevices", "ISP.OfficeDevices\ISP.OfficeDevices.csproj", "{D2CD2D5B-F260-4D44-8BC0-480A13EF16B6}"
EndProject
Project("{FAE04EC0-301F-11D3-BF4B-00C04F79EFBC}") = "DIP.OrderManagement", "DIP.OrderManagement\DIP.OrderManagement.csproj", "{453761BC-02A8-4708-800C-936A9116BB98}"
EndProject
Global
	GlobalSection(SolutionConfigurationPlatforms) = preSolution
		Debug|Any CPU = Debug|Any CPU
		Release|Any CPU = Release|Any CPU
	EndGlobalSection
	GlobalSection(ProjectConfigurationPlatforms) = postSolution
		{07C404FA-7EBA-4370-9855-A0BD493D46C6}.Debug|Any CPU.ActiveCfg = Debug|Any CPU
		{07C404FA-7EBA-4370-9855-A0BD493D46C6}.Debug|Any CPU.Build.0 = Debug|Any CPU
		{07C404FA-7EBA-4370-9855-A0BD493D46C6}.Release|Any CPU.ActiveCfg = Release|Any CPU
		{07C404FA-7EBA-4370-9855-A0BD493D46C6}.Release|Any CPU.Build.0 = Release|Any CPU
		{7CBEAD8A-43E2-4F54-AF9B-1C51220FEF9A}.Debug|Any CPU.ActiveCfg = Debug|Any CPU
		{7CBEAD8A-43E2-4F54-AF9B-1C51220FEF9A}.Debug|Any CPU.Build.0 = Debug|Any CPU
		{7CBEAD8A-43E2-4F54-AF9B-1C51220FEF9A}.Release|Any CPU.ActiveCfg = Release|Any CPU
		{7CBEAD8A-43E2-4F54-AF9B-1C51220FEF9A}.Release|Any CPU.Build.0 = Release|Any CPU
		{33D05D97-8ECF-40F8-9B57-DA407E183D5A}.Debug|Any CPU.ActiveCfg = Debug|Any CPU
		{33D05D97-8ECF-40F8-9B57-DA407E183D5A}.Debug|Any CPU.Build.0 = Debug|Any CPU
		{33D05D97-8ECF-40F8-9B57-DA407E183D5A}.Release|Any CPU.ActiveCfg = Release|Any CPU
		{33D05D97-8ECF-40F8-9B57-DA407E183D5A}.Release|Any CPU.Build.0 = Release|Any CPU
		{D2CD2D5B-F260-4D44-8BC0-480A13EF16B6}.Debug|Any CPU.ActiveCfg = Debug|Any CPU
		{D2CD2D5B-F260-4D44-8BC0-480A13EF16B6}.Debug|Any CPU.Build.0 = Debug|Any CPU
		{D2CD2D5B-F260-4D44-8BC0-480A13EF16B6}.Release|Any CPU.ActiveCfg = Release|Any CPU
		{D2CD2D5B-F260-4D44-8BC0-480A13EF16B6}.Release|Any CPU.Build.0 = Release|Any CPU
		{453761BC-02A8-4708-800C-936A9116BB98}.Debug|Any CPU.ActiveCfg = Debug|Any CPU
		{453761BC-02A8-4708-800C-936A9116BB98}.Debug|Any CPU.Build.0 = Debug|Any CPU
		{453761BC-02A8-4708-800C-936A9116BB98}.Release|Any CPU.ActiveCfg = Release|Any CPU
		{453761BC-02A8-4708-800C-936A9116BB98}.Release|Any CPU.Build.0 = Release|Any CPU
	EndGlobalSection
	GlobalSection(SolutionProperties) = preSolution
		HideSolutionNode = FALSE
	EndGlobalSection
	GlobalSection(ExtensibilityGlobals) = postSolution
		SolutionGuid = {058B7441-9B62-4A9E-B239-DD780339764F}
	EndGlobalSection
EndGlobal
